// !$*UTF8*$!
{
	archiveVersion = 1;
	classes = {
	};
	objectVersion = 50;
	objects = {

/* Begin PBXBuildFile section */
		3002318921FD302A00E76956 /* JSONParser.swift in Sources */ = {isa = PBXBuildFile; fileRef = 3002318821FD302A00E76956 /* JSONParser.swift */; };
		3002319821FD76C400E76956 /* JSONQueries.swift in Sources */ = {isa = PBXBuildFile; fileRef = 3002319721FD76C400E76956 /* JSONQueries.swift */; };
		3042C97021F4A5B4006EBF86 /* ServiceFactory.swift in Sources */ = {isa = PBXBuildFile; fileRef = 3042C96F21F4A5B4006EBF86 /* ServiceFactory.swift */; };
		3042C98E21F4A9F5006EBF86 /* GitRequest.swift in Sources */ = {isa = PBXBuildFile; fileRef = 3042C98D21F4A9F5006EBF86 /* GitRequest.swift */; };
		3042C99021F4B2AF006EBF86 /* RequestFactory.swift in Sources */ = {isa = PBXBuildFile; fileRef = 3042C98F21F4B2AF006EBF86 /* RequestFactory.swift */; };
		3042C99321F8A65F006EBF86 /* LoginService.swift in Sources */ = {isa = PBXBuildFile; fileRef = 3042C99221F8A65F006EBF86 /* LoginService.swift */; };
		3042C99621F8A72E006EBF86 /* User.swift in Sources */ = {isa = PBXBuildFile; fileRef = 3042C99521F8A72E006EBF86 /* User.swift */; };
		30459F4B21FB0EE000DB5E18 /* UserTokenManager.swift in Sources */ = {isa = PBXBuildFile; fileRef = 30459F4A21FB0EE000DB5E18 /* UserTokenManager.swift */; };
		304980FE2202EF29007AE4EF /* ObjectMapper.framework in Embed Frameworks */ = {isa = PBXBuildFile; fileRef = 304980FC2202EF29007AE4EF /* ObjectMapper.framework */; settings = {ATTRIBUTES = (CodeSignOnCopy, RemoveHeadersOnCopy, ); }; };
		305BD4A52236420900870856 /* Languages.swift in Sources */ = {isa = PBXBuildFile; fileRef = 305BD4A42236420900870856 /* Languages.swift */; };
		305BD4A72236427200870856 /* Language.swift in Sources */ = {isa = PBXBuildFile; fileRef = 305BD4A62236427200870856 /* Language.swift */; };
		305BD4AB2236450900870856 /* RepositoryService.swift in Sources */ = {isa = PBXBuildFile; fileRef = 305BD4AA2236450900870856 /* RepositoryService.swift */; };
		305BD4AD2236906000870856 /* RepositoryView.swift in Sources */ = {isa = PBXBuildFile; fileRef = 305BD4AC2236906000870856 /* RepositoryView.swift */; };
		307DE19521EC90BF008595E6 /* AppDelegate.swift in Sources */ = {isa = PBXBuildFile; fileRef = 307DE19421EC90BF008595E6 /* AppDelegate.swift */; };
		307DE19A21EC90BF008595E6 /* Main.storyboard in Resources */ = {isa = PBXBuildFile; fileRef = 307DE19821EC90BF008595E6 /* Main.storyboard */; };
		307DE19C21EC90C0008595E6 /* Assets.xcassets in Resources */ = {isa = PBXBuildFile; fileRef = 307DE19B21EC90C0008595E6 /* Assets.xcassets */; };
		307DE19F21EC90C0008595E6 /* LaunchScreen.storyboard in Resources */ = {isa = PBXBuildFile; fileRef = 307DE19D21EC90C0008595E6 /* LaunchScreen.storyboard */; };
		30CD2D802216B7A800B4B1A8 /* Repositories.swift in Sources */ = {isa = PBXBuildFile; fileRef = 30CD2D7F2216B7A800B4B1A8 /* Repositories.swift */; };
		30CD2D822216B7CC00B4B1A8 /* Repository.swift in Sources */ = {isa = PBXBuildFile; fileRef = 30CD2D812216B7CC00B4B1A8 /* Repository.swift */; };
		30CD2D842216B8D500B4B1A8 /* RepositoriesService.swift in Sources */ = {isa = PBXBuildFile; fileRef = 30CD2D832216B8D500B4B1A8 /* RepositoriesService.swift */; };
		DE28769A22228E51002CD32A /* SearchViewController.swift in Sources */ = {isa = PBXBuildFile; fileRef = DE28769922228E51002CD32A /* SearchViewController.swift */; };
		DE28769D2222BA57002CD32A /* RepositorySearchService.swift in Sources */ = {isa = PBXBuildFile; fileRef = DE28769C2222BA57002CD32A /* RepositorySearchService.swift */; };
		DE28769F2222C317002CD32A /* SearchResult.swift in Sources */ = {isa = PBXBuildFile; fileRef = DE28769E2222C317002CD32A /* SearchResult.swift */; };
		DE56747C21FDD588008BDA4F /* RxCocoa.framework in Embed Frameworks */ = {isa = PBXBuildFile; fileRef = DE56747A21FDD588008BDA4F /* RxCocoa.framework */; settings = {ATTRIBUTES = (CodeSignOnCopy, RemoveHeadersOnCopy, ); }; };
		DE56747F21FDD5C4008BDA4F /* RxSwift.framework in Embed Frameworks */ = {isa = PBXBuildFile; fileRef = 309F068421EF795A00F53680 /* RxSwift.framework */; settings = {ATTRIBUTES = (CodeSignOnCopy, RemoveHeadersOnCopy, ); }; };
		DE56748121FDD5C8008BDA4F /* Alamofire.framework in Embed Frameworks */ = {isa = PBXBuildFile; fileRef = 309F068721EF797C00F53680 /* Alamofire.framework */; settings = {ATTRIBUTES = (CodeSignOnCopy, RemoveHeadersOnCopy, ); }; };
		DE90678E2219C56600CC068B /* RepositoryViewController.swift in Sources */ = {isa = PBXBuildFile; fileRef = DE90678D2219C56600CC068B /* RepositoryViewController.swift */; };
		DE94E10221F4B83A00251C9D /* RepositoryLibraryViewController.swift in Sources */ = {isa = PBXBuildFile; fileRef = DE94E10121F4B83A00251C9D /* RepositoryLibraryViewController.swift */; };
		DE94E10421F4BC9700251C9D /* Login.storyboard in Resources */ = {isa = PBXBuildFile; fileRef = DE94E10321F4BC9700251C9D /* Login.storyboard */; };
		DE94E10621F4BC9700251C9D /* LoginViewController.swift in Sources */ = {isa = PBXBuildFile; fileRef = DE94E10521F4BC9700251C9D /* LoginViewController.swift */; };
		DE94E10821F4BC9700251C9D /* AppController.swift in Sources */ = {isa = PBXBuildFile; fileRef = DE94E10721F4BC9700251C9D /* AppController.swift */; };
		DE94E10C21F4BC9700251C9D /* RepositoryLibraryCollectionViewCell.swift in Sources */ = {isa = PBXBuildFile; fileRef = DE94E10B21F4BC9700251C9D /* RepositoryLibraryCollectionViewCell.swift */; };
		DEBBE01B223FDD410008F6EA /* RepositoryOverviewController.swift in Sources */ = {isa = PBXBuildFile; fileRef = DEBBE01A223FDD410008F6EA /* RepositoryOverviewController.swift */; };
		DEBBE01D223FDE760008F6EA /* RepositoryPullRequestViewController.swift in Sources */ = {isa = PBXBuildFile; fileRef = DEBBE01C223FDE760008F6EA /* RepositoryPullRequestViewController.swift */; };
		DEBBE01F223FDE8C0008F6EA /* RepositoryCodeViewController.swift in Sources */ = {isa = PBXBuildFile; fileRef = DEBBE01E223FDE8C0008F6EA /* RepositoryCodeViewController.swift */; };
		DEBBE021223FF8C10008F6EA /* RepositoryCodePathCell.swift in Sources */ = {isa = PBXBuildFile; fileRef = DEBBE020223FF8C10008F6EA /* RepositoryCodePathCell.swift */; };
/* End PBXBuildFile section */

/* Begin PBXCopyFilesBuildPhase section */
		DE56747D21FDD588008BDA4F /* Embed Frameworks */ = {
			isa = PBXCopyFilesBuildPhase;
			buildActionMask = 2147483647;
			dstPath = "";
			dstSubfolderSpec = 10;
			files = (
				DE56747F21FDD5C4008BDA4F /* RxSwift.framework in Embed Frameworks */,
				DE56748121FDD5C8008BDA4F /* Alamofire.framework in Embed Frameworks */,
				304980FE2202EF29007AE4EF /* ObjectMapper.framework in Embed Frameworks */,
				DE56747C21FDD588008BDA4F /* RxCocoa.framework in Embed Frameworks */,
			);
			name = "Embed Frameworks";
			runOnlyForDeploymentPostprocessing = 0;
		};
/* End PBXCopyFilesBuildPhase section */

/* Begin PBXFileReference section */
		3002318821FD302A00E76956 /* JSONParser.swift */ = {isa = PBXFileReference; lastKnownFileType = sourcecode.swift; path = JSONParser.swift; sourceTree = "<group>"; };
		3002319721FD76C400E76956 /* JSONQueries.swift */ = {isa = PBXFileReference; lastKnownFileType = sourcecode.swift; path = JSONQueries.swift; sourceTree = "<group>"; };
		3042C96F21F4A5B4006EBF86 /* ServiceFactory.swift */ = {isa = PBXFileReference; lastKnownFileType = sourcecode.swift; path = ServiceFactory.swift; sourceTree = "<group>"; };
		3042C98D21F4A9F5006EBF86 /* GitRequest.swift */ = {isa = PBXFileReference; lastKnownFileType = sourcecode.swift; path = GitRequest.swift; sourceTree = "<group>"; };
		3042C98F21F4B2AF006EBF86 /* RequestFactory.swift */ = {isa = PBXFileReference; lastKnownFileType = sourcecode.swift; path = RequestFactory.swift; sourceTree = "<group>"; };
		3042C99221F8A65F006EBF86 /* LoginService.swift */ = {isa = PBXFileReference; lastKnownFileType = sourcecode.swift; path = LoginService.swift; sourceTree = "<group>"; };
		3042C99521F8A72E006EBF86 /* User.swift */ = {isa = PBXFileReference; lastKnownFileType = sourcecode.swift; path = User.swift; sourceTree = "<group>"; };
		30459F4A21FB0EE000DB5E18 /* UserTokenManager.swift */ = {isa = PBXFileReference; lastKnownFileType = sourcecode.swift; path = UserTokenManager.swift; sourceTree = "<group>"; };
		304980FC2202EF29007AE4EF /* ObjectMapper.framework */ = {isa = PBXFileReference; lastKnownFileType = wrapper.framework; name = ObjectMapper.framework; path = Carthage/Build/iOS/ObjectMapper.framework; sourceTree = "<group>"; };
		305BD4A42236420900870856 /* Languages.swift */ = {isa = PBXFileReference; lastKnownFileType = sourcecode.swift; path = Languages.swift; sourceTree = "<group>"; };
		305BD4A62236427200870856 /* Language.swift */ = {isa = PBXFileReference; lastKnownFileType = sourcecode.swift; path = Language.swift; sourceTree = "<group>"; };
		305BD4AA2236450900870856 /* RepositoryService.swift */ = {isa = PBXFileReference; lastKnownFileType = sourcecode.swift; path = RepositoryService.swift; sourceTree = "<group>"; };
		305BD4AC2236906000870856 /* RepositoryView.swift */ = {isa = PBXFileReference; lastKnownFileType = sourcecode.swift; path = RepositoryView.swift; sourceTree = "<group>"; };
		307DE19121EC90BF008595E6 /* RxGit.app */ = {isa = PBXFileReference; explicitFileType = wrapper.application; includeInIndex = 0; path = RxGit.app; sourceTree = BUILT_PRODUCTS_DIR; };
		307DE19421EC90BF008595E6 /* AppDelegate.swift */ = {isa = PBXFileReference; lastKnownFileType = sourcecode.swift; path = AppDelegate.swift; sourceTree = "<group>"; };
		307DE19921EC90BF008595E6 /* Base */ = {isa = PBXFileReference; lastKnownFileType = file.storyboard; name = Base; path = Base.lproj/Main.storyboard; sourceTree = "<group>"; };
		307DE19B21EC90C0008595E6 /* Assets.xcassets */ = {isa = PBXFileReference; lastKnownFileType = folder.assetcatalog; path = Assets.xcassets; sourceTree = "<group>"; };
		307DE19E21EC90C0008595E6 /* Base */ = {isa = PBXFileReference; lastKnownFileType = file.storyboard; name = Base; path = Base.lproj/LaunchScreen.storyboard; sourceTree = "<group>"; };
		307DE1A021EC90C0008595E6 /* Info.plist */ = {isa = PBXFileReference; lastKnownFileType = text.plist.xml; path = Info.plist; sourceTree = "<group>"; };
		309F068421EF795A00F53680 /* RxSwift.framework */ = {isa = PBXFileReference; lastKnownFileType = wrapper.framework; name = RxSwift.framework; path = Carthage/Build/iOS/RxSwift.framework; sourceTree = "<group>"; };
		309F068721EF797C00F53680 /* Alamofire.framework */ = {isa = PBXFileReference; lastKnownFileType = wrapper.framework; name = Alamofire.framework; path = Carthage/Build/iOS/Alamofire.framework; sourceTree = "<group>"; };
		30CD2D7F2216B7A800B4B1A8 /* Repositories.swift */ = {isa = PBXFileReference; lastKnownFileType = sourcecode.swift; path = Repositories.swift; sourceTree = "<group>"; };
		30CD2D812216B7CC00B4B1A8 /* Repository.swift */ = {isa = PBXFileReference; lastKnownFileType = sourcecode.swift; path = Repository.swift; sourceTree = "<group>"; };
		30CD2D832216B8D500B4B1A8 /* RepositoriesService.swift */ = {isa = PBXFileReference; lastKnownFileType = sourcecode.swift; path = RepositoriesService.swift; sourceTree = "<group>"; };
		DE28769922228E51002CD32A /* SearchViewController.swift */ = {isa = PBXFileReference; lastKnownFileType = sourcecode.swift; path = SearchViewController.swift; sourceTree = "<group>"; };
		DE28769C2222BA57002CD32A /* RepositorySearchService.swift */ = {isa = PBXFileReference; lastKnownFileType = sourcecode.swift; path = RepositorySearchService.swift; sourceTree = "<group>"; };
		DE28769E2222C317002CD32A /* SearchResult.swift */ = {isa = PBXFileReference; lastKnownFileType = sourcecode.swift; path = SearchResult.swift; sourceTree = "<group>"; };
		DE56747A21FDD588008BDA4F /* RxCocoa.framework */ = {isa = PBXFileReference; lastKnownFileType = wrapper.framework; name = RxCocoa.framework; path = Carthage/Build/iOS/RxCocoa.framework; sourceTree = "<group>"; };
		DE90678D2219C56600CC068B /* RepositoryViewController.swift */ = {isa = PBXFileReference; lastKnownFileType = sourcecode.swift; path = RepositoryViewController.swift; sourceTree = "<group>"; };
		DE94E10121F4B83A00251C9D /* RepositoryLibraryViewController.swift */ = {isa = PBXFileReference; lastKnownFileType = sourcecode.swift; path = RepositoryLibraryViewController.swift; sourceTree = "<group>"; };
		DE94E10321F4BC9700251C9D /* Login.storyboard */ = {isa = PBXFileReference; lastKnownFileType = file.storyboard; path = Login.storyboard; sourceTree = "<group>"; };
		DE94E10521F4BC9700251C9D /* LoginViewController.swift */ = {isa = PBXFileReference; lastKnownFileType = sourcecode.swift; path = LoginViewController.swift; sourceTree = "<group>"; };
		DE94E10721F4BC9700251C9D /* AppController.swift */ = {isa = PBXFileReference; lastKnownFileType = sourcecode.swift; path = AppController.swift; sourceTree = "<group>"; };
		DE94E10B21F4BC9700251C9D /* RepositoryLibraryCollectionViewCell.swift */ = {isa = PBXFileReference; lastKnownFileType = sourcecode.swift; path = RepositoryLibraryCollectionViewCell.swift; sourceTree = "<group>"; };
		DEBBE01A223FDD410008F6EA /* RepositoryOverviewController.swift */ = {isa = PBXFileReference; lastKnownFileType = sourcecode.swift; path = RepositoryOverviewController.swift; sourceTree = "<group>"; };
		DEBBE01C223FDE760008F6EA /* RepositoryPullRequestViewController.swift */ = {isa = PBXFileReference; lastKnownFileType = sourcecode.swift; path = RepositoryPullRequestViewController.swift; sourceTree = "<group>"; };
		DEBBE01E223FDE8C0008F6EA /* RepositoryCodeViewController.swift */ = {isa = PBXFileReference; lastKnownFileType = sourcecode.swift; path = RepositoryCodeViewController.swift; sourceTree = "<group>"; };
		DEBBE020223FF8C10008F6EA /* RepositoryCodePathCell.swift */ = {isa = PBXFileReference; lastKnownFileType = sourcecode.swift; path = RepositoryCodePathCell.swift; sourceTree = "<group>"; };
/* End PBXFileReference section */

/* Begin PBXFrameworksBuildPhase section */
		307DE18E21EC90BF008595E6 /* Frameworks */ = {
			isa = PBXFrameworksBuildPhase;
			buildActionMask = 2147483647;
			files = (
			);
			runOnlyForDeploymentPostprocessing = 0;
		};
/* End PBXFrameworksBuildPhase section */

/* Begin PBXGroup section */
		3042C96E21F4A57A006EBF86 /* Network */ = {
			isa = PBXGroup;
			children = (
				305BD4A9223644D800870856 /* Request */,
				305BD4A8223644BF00870856 /* Service */,
				30459F4A21FB0EE000DB5E18 /* UserTokenManager.swift */,
			);
			path = Network;
			sourceTree = "<group>";
		};
		3042C99121F4B31A006EBF86 /* JSON */ = {
			isa = PBXGroup;
			children = (
				3002318821FD302A00E76956 /* JSONParser.swift */,
				3002319721FD76C400E76956 /* JSONQueries.swift */,
			);
			path = JSON;
			sourceTree = "<group>";
		};
		3042C99421F8A69D006EBF86 /* Model */ = {
			isa = PBXGroup;
			children = (
				3042C99521F8A72E006EBF86 /* User.swift */,
				30CD2D7F2216B7A800B4B1A8 /* Repositories.swift */,
				30CD2D812216B7CC00B4B1A8 /* Repository.swift */,
				DE28769E2222C317002CD32A /* SearchResult.swift */,
				305BD4A42236420900870856 /* Languages.swift */,
				305BD4A62236427200870856 /* Language.swift */,
			);
			path = Model;
			sourceTree = "<group>";
		};
		305BD4A8223644BF00870856 /* Service */ = {
			isa = PBXGroup;
			children = (
				3042C96F21F4A5B4006EBF86 /* ServiceFactory.swift */,
				3042C99221F8A65F006EBF86 /* LoginService.swift */,
				30CD2D832216B8D500B4B1A8 /* RepositoriesService.swift */,
				DE28769C2222BA57002CD32A /* RepositorySearchService.swift */,
				305BD4AA2236450900870856 /* RepositoryService.swift */,
			);
			path = Service;
			sourceTree = "<group>";
		};
		305BD4A9223644D800870856 /* Request */ = {
			isa = PBXGroup;
			children = (
				3042C98F21F4B2AF006EBF86 /* RequestFactory.swift */,
				3042C98D21F4A9F5006EBF86 /* GitRequest.swift */,
			);
			path = Request;
			sourceTree = "<group>";
		};
		307DE18821EC90BF008595E6 = {
			isa = PBXGroup;
			children = (
				307DE19321EC90BF008595E6 /* RxGit */,
				307DE19221EC90BF008595E6 /* Products */,
				DE56747021FDD43C008BDA4F /* Frameworks */,
			);
			sourceTree = "<group>";
		};
		307DE19221EC90BF008595E6 /* Products */ = {
			isa = PBXGroup;
			children = (
				307DE19121EC90BF008595E6 /* RxGit.app */,
			);
			name = Products;
			sourceTree = "<group>";
		};
		307DE19321EC90BF008595E6 /* RxGit */ = {
			isa = PBXGroup;
			children = (
				DEBBE019223FDC190008F6EA /* Controller */,
				DECCCCA621FE082F0052EFF3 /* View */,
				3042C99421F8A69D006EBF86 /* Model */,
				3042C99121F4B31A006EBF86 /* JSON */,
				3042C96E21F4A57A006EBF86 /* Network */,
				307DE19421EC90BF008595E6 /* AppDelegate.swift */,
				307DE19B21EC90C0008595E6 /* Assets.xcassets */,
				307DE19D21EC90C0008595E6 /* LaunchScreen.storyboard */,
				307DE1A021EC90C0008595E6 /* Info.plist */,
			);
			path = RxGit;
			sourceTree = "<group>";
		};
		DE56747021FDD43C008BDA4F /* Frameworks */ = {
			isa = PBXGroup;
			children = (
				304980FC2202EF29007AE4EF /* ObjectMapper.framework */,
				DE56747A21FDD588008BDA4F /* RxCocoa.framework */,
				309F068721EF797C00F53680 /* Alamofire.framework */,
				309F068421EF795A00F53680 /* RxSwift.framework */,
			);
			name = Frameworks;
			sourceTree = "<group>";
		};
		DEBBE019223FDC190008F6EA /* Controller */ = {
			isa = PBXGroup;
			children = (
				DE94E10721F4BC9700251C9D /* AppController.swift */,
				DE90678D2219C56600CC068B /* RepositoryViewController.swift */,
				DE94E10121F4B83A00251C9D /* RepositoryLibraryViewController.swift */,
				DE28769922228E51002CD32A /* SearchViewController.swift */,
				DE94E10521F4BC9700251C9D /* LoginViewController.swift */,
				DEBBE01A223FDD410008F6EA /* RepositoryOverviewController.swift */,
				DEBBE01C223FDE760008F6EA /* RepositoryPullRequestViewController.swift */,
				DEBBE01E223FDE8C0008F6EA /* RepositoryCodeViewController.swift */,
			);
			path = Controller;
			sourceTree = "<group>";
		};
		DECCCCA621FE082F0052EFF3 /* View */ = {
			isa = PBXGroup;
			children = (
				DE94E10321F4BC9700251C9D /* Login.storyboard */,
				307DE19821EC90BF008595E6 /* Main.storyboard */,
				DE94E10B21F4BC9700251C9D /* RepositoryLibraryCollectionViewCell.swift */,
				DE90678D2219C56600CC068B /* RepositoryViewController.swift */,
				305BD4AC2236906000870856 /* RepositoryView.swift */,
				DE28769922228E51002CD32A /* SearchViewController.swift */,
				DEBBE020223FF8C10008F6EA /* RepositoryCodePathCell.swift */,
			);
			path = View;
			sourceTree = "<group>";
		};
/* End PBXGroup section */

/* Begin PBXNativeTarget section */
		307DE19021EC90BF008595E6 /* RxGit */ = {
			isa = PBXNativeTarget;
			buildConfigurationList = 307DE1A321EC90C0008595E6 /* Build configuration list for PBXNativeTarget "RxGit" */;
			buildPhases = (
				307DE18D21EC90BF008595E6 /* Sources */,
				307DE18E21EC90BF008595E6 /* Frameworks */,
				307DE18F21EC90BF008595E6 /* Resources */,
				DE56747D21FDD588008BDA4F /* Embed Frameworks */,
			);
			buildRules = (
			);
			dependencies = (
			);
			name = RxGit;
			productName = RxGit;
			productReference = 307DE19121EC90BF008595E6 /* RxGit.app */;
			productType = "com.apple.product-type.application";
		};
/* End PBXNativeTarget section */

/* Begin PBXProject section */
		307DE18921EC90BF008595E6 /* Project object */ = {
			isa = PBXProject;
			attributes = {
				LastSwiftUpdateCheck = 1010;
				LastUpgradeCheck = 1010;
				ORGANIZATIONNAME = RxGit;
				TargetAttributes = {
					307DE19021EC90BF008595E6 = {
						CreatedOnToolsVersion = 10.1;
					};
				};
			};
			buildConfigurationList = 307DE18C21EC90BF008595E6 /* Build configuration list for PBXProject "RxGit" */;
			compatibilityVersion = "Xcode 9.3";
			developmentRegion = en;
			hasScannedForEncodings = 0;
			knownRegions = (
				en,
				Base,
			);
			mainGroup = 307DE18821EC90BF008595E6;
			productRefGroup = 307DE19221EC90BF008595E6 /* Products */;
			projectDirPath = "";
			projectRoot = "";
			targets = (
				307DE19021EC90BF008595E6 /* RxGit */,
			);
		};
/* End PBXProject section */

/* Begin PBXResourcesBuildPhase section */
		307DE18F21EC90BF008595E6 /* Resources */ = {
			isa = PBXResourcesBuildPhase;
			buildActionMask = 2147483647;
			files = (
				DE94E10421F4BC9700251C9D /* Login.storyboard in Resources */,
				307DE19F21EC90C0008595E6 /* LaunchScreen.storyboard in Resources */,
				307DE19C21EC90C0008595E6 /* Assets.xcassets in Resources */,
				307DE19A21EC90BF008595E6 /* Main.storyboard in Resources */,
			);
			runOnlyForDeploymentPostprocessing = 0;
		};
/* End PBXResourcesBuildPhase section */

/* Begin PBXSourcesBuildPhase section */
		307DE18D21EC90BF008595E6 /* Sources */ = {
			isa = PBXSourcesBuildPhase;
			buildActionMask = 2147483647;
			files = (
				3002319821FD76C400E76956 /* JSONQueries.swift in Sources */,
				30CD2D842216B8D500B4B1A8 /* RepositoriesService.swift in Sources */,
				305BD4AD2236906000870856 /* RepositoryView.swift in Sources */,
				DE28769F2222C317002CD32A /* SearchResult.swift in Sources */,
				3042C99021F4B2AF006EBF86 /* RequestFactory.swift in Sources */,
				3002318921FD302A00E76956 /* JSONParser.swift in Sources */,
				3042C98E21F4A9F5006EBF86 /* GitRequest.swift in Sources */,
				30CD2D802216B7A800B4B1A8 /* Repositories.swift in Sources */,
				DE94E10621F4BC9700251C9D /* LoginViewController.swift in Sources */,
				DE94E10821F4BC9700251C9D /* AppController.swift in Sources */,
				DE94E10221F4B83A00251C9D /* RepositoryLibraryViewController.swift in Sources */,
				DE94E10C21F4BC9700251C9D /* RepositoryLibraryCollectionViewCell.swift in Sources */,
				307DE19521EC90BF008595E6 /* AppDelegate.swift in Sources */,
				305BD4AB2236450900870856 /* RepositoryService.swift in Sources */,
				30CD2D822216B7CC00B4B1A8 /* Repository.swift in Sources */,
				DE28769D2222BA57002CD32A /* RepositorySearchService.swift in Sources */,
				DE28769A22228E51002CD32A /* SearchViewController.swift in Sources */,
				DEBBE021223FF8C10008F6EA /* RepositoryCodePathCell.swift in Sources */,
				30459F4B21FB0EE000DB5E18 /* UserTokenManager.swift in Sources */,
				DEBBE01B223FDD410008F6EA /* RepositoryOverviewController.swift in Sources */,
				DEBBE01D223FDE760008F6EA /* RepositoryPullRequestViewController.swift in Sources */,
				3042C97021F4A5B4006EBF86 /* ServiceFactory.swift in Sources */,
				305BD4A52236420900870856 /* Languages.swift in Sources */,
				3042C99321F8A65F006EBF86 /* LoginService.swift in Sources */,
				3042C99621F8A72E006EBF86 /* User.swift in Sources */,
				DE90678E2219C56600CC068B /* RepositoryViewController.swift in Sources */,
				305BD4A72236427200870856 /* Language.swift in Sources */,
				DEBBE01F223FDE8C0008F6EA /* RepositoryCodeViewController.swift in Sources */,
			);
			runOnlyForDeploymentPostprocessing = 0;
		};
/* End PBXSourcesBuildPhase section */

/* Begin PBXVariantGroup section */
		307DE19821EC90BF008595E6 /* Main.storyboard */ = {
			isa = PBXVariantGroup;
			children = (
				307DE19921EC90BF008595E6 /* Base */,
			);
			name = Main.storyboard;
			sourceTree = "<group>";
		};
		307DE19D21EC90C0008595E6 /* LaunchScreen.storyboard */ = {
			isa = PBXVariantGroup;
			children = (
				307DE19E21EC90C0008595E6 /* Base */,
			);
			name = LaunchScreen.storyboard;
			sourceTree = "<group>";
		};
/* End PBXVariantGroup section */

/* Begin XCBuildConfiguration section */
		307DE1A121EC90C0008595E6 /* Debug */ = {
			isa = XCBuildConfiguration;
			buildSettings = {
				ALWAYS_SEARCH_USER_PATHS = NO;
				CLANG_ANALYZER_NONNULL = YES;
				CLANG_ANALYZER_NUMBER_OBJECT_CONVERSION = YES_AGGRESSIVE;
				CLANG_CXX_LANGUAGE_STANDARD = "gnu++14";
				CLANG_CXX_LIBRARY = "libc++";
				CLANG_ENABLE_MODULES = YES;
				CLANG_ENABLE_OBJC_ARC = YES;
				CLANG_ENABLE_OBJC_WEAK = YES;
				CLANG_WARN_BLOCK_CAPTURE_AUTORELEASING = YES;
				CLANG_WARN_BOOL_CONVERSION = YES;
				CLANG_WARN_COMMA = YES;
				CLANG_WARN_CONSTANT_CONVERSION = YES;
				CLANG_WARN_DEPRECATED_OBJC_IMPLEMENTATIONS = YES;
				CLANG_WARN_DIRECT_OBJC_ISA_USAGE = YES_ERROR;
				CLANG_WARN_DOCUMENTATION_COMMENTS = YES;
				CLANG_WARN_EMPTY_BODY = YES;
				CLANG_WARN_ENUM_CONVERSION = YES;
				CLANG_WARN_INFINITE_RECURSION = YES;
				CLANG_WARN_INT_CONVERSION = YES;
				CLANG_WARN_NON_LITERAL_NULL_CONVERSION = YES;
				CLANG_WARN_OBJC_IMPLICIT_RETAIN_SELF = YES;
				CLANG_WARN_OBJC_LITERAL_CONVERSION = YES;
				CLANG_WARN_OBJC_ROOT_CLASS = YES_ERROR;
				CLANG_WARN_RANGE_LOOP_ANALYSIS = YES;
				CLANG_WARN_STRICT_PROTOTYPES = YES;
				CLANG_WARN_SUSPICIOUS_MOVE = YES;
				CLANG_WARN_UNGUARDED_AVAILABILITY = YES_AGGRESSIVE;
				CLANG_WARN_UNREACHABLE_CODE = YES;
				CLANG_WARN__DUPLICATE_METHOD_MATCH = YES;
				CODE_SIGN_IDENTITY = "iPhone Developer";
				COPY_PHASE_STRIP = NO;
				DEBUG_INFORMATION_FORMAT = dwarf;
				ENABLE_STRICT_OBJC_MSGSEND = YES;
				ENABLE_TESTABILITY = YES;
				GCC_C_LANGUAGE_STANDARD = gnu11;
				GCC_DYNAMIC_NO_PIC = NO;
				GCC_NO_COMMON_BLOCKS = YES;
				GCC_OPTIMIZATION_LEVEL = 0;
				GCC_PREPROCESSOR_DEFINITIONS = (
					"DEBUG=1",
					"$(inherited)",
				);
				GCC_WARN_64_TO_32_BIT_CONVERSION = YES;
				GCC_WARN_ABOUT_RETURN_TYPE = YES_ERROR;
				GCC_WARN_UNDECLARED_SELECTOR = YES;
				GCC_WARN_UNINITIALIZED_AUTOS = YES_AGGRESSIVE;
				GCC_WARN_UNUSED_FUNCTION = YES;
				GCC_WARN_UNUSED_VARIABLE = YES;
				IPHONEOS_DEPLOYMENT_TARGET = 12.1;
				MTL_ENABLE_DEBUG_INFO = INCLUDE_SOURCE;
				MTL_FAST_MATH = YES;
				ONLY_ACTIVE_ARCH = YES;
				SDKROOT = iphoneos;
				SWIFT_ACTIVE_COMPILATION_CONDITIONS = DEBUG;
				SWIFT_OPTIMIZATION_LEVEL = "-Onone";
			};
			name = Debug;
		};
		307DE1A221EC90C0008595E6 /* Release */ = {
			isa = XCBuildConfiguration;
			buildSettings = {
				ALWAYS_SEARCH_USER_PATHS = NO;
				CLANG_ANALYZER_NONNULL = YES;
				CLANG_ANALYZER_NUMBER_OBJECT_CONVERSION = YES_AGGRESSIVE;
				CLANG_CXX_LANGUAGE_STANDARD = "gnu++14";
				CLANG_CXX_LIBRARY = "libc++";
				CLANG_ENABLE_MODULES = YES;
				CLANG_ENABLE_OBJC_ARC = YES;
				CLANG_ENABLE_OBJC_WEAK = YES;
				CLANG_WARN_BLOCK_CAPTURE_AUTORELEASING = YES;
				CLANG_WARN_BOOL_CONVERSION = YES;
				CLANG_WARN_COMMA = YES;
				CLANG_WARN_CONSTANT_CONVERSION = YES;
				CLANG_WARN_DEPRECATED_OBJC_IMPLEMENTATIONS = YES;
				CLANG_WARN_DIRECT_OBJC_ISA_USAGE = YES_ERROR;
				CLANG_WARN_DOCUMENTATION_COMMENTS = YES;
				CLANG_WARN_EMPTY_BODY = YES;
				CLANG_WARN_ENUM_CONVERSION = YES;
				CLANG_WARN_INFINITE_RECURSION = YES;
				CLANG_WARN_INT_CONVERSION = YES;
				CLANG_WARN_NON_LITERAL_NULL_CONVERSION = YES;
				CLANG_WARN_OBJC_IMPLICIT_RETAIN_SELF = YES;
				CLANG_WARN_OBJC_LITERAL_CONVERSION = YES;
				CLANG_WARN_OBJC_ROOT_CLASS = YES_ERROR;
				CLANG_WARN_RANGE_LOOP_ANALYSIS = YES;
				CLANG_WARN_STRICT_PROTOTYPES = YES;
				CLANG_WARN_SUSPICIOUS_MOVE = YES;
				CLANG_WARN_UNGUARDED_AVAILABILITY = YES_AGGRESSIVE;
				CLANG_WARN_UNREACHABLE_CODE = YES;
				CLANG_WARN__DUPLICATE_METHOD_MATCH = YES;
				CODE_SIGN_IDENTITY = "iPhone Developer";
				COPY_PHASE_STRIP = NO;
				DEBUG_INFORMATION_FORMAT = "dwarf-with-dsym";
				ENABLE_NS_ASSERTIONS = NO;
				ENABLE_STRICT_OBJC_MSGSEND = YES;
				GCC_C_LANGUAGE_STANDARD = gnu11;
				GCC_NO_COMMON_BLOCKS = YES;
				GCC_WARN_64_TO_32_BIT_CONVERSION = YES;
				GCC_WARN_ABOUT_RETURN_TYPE = YES_ERROR;
				GCC_WARN_UNDECLARED_SELECTOR = YES;
				GCC_WARN_UNINITIALIZED_AUTOS = YES_AGGRESSIVE;
				GCC_WARN_UNUSED_FUNCTION = YES;
				GCC_WARN_UNUSED_VARIABLE = YES;
				IPHONEOS_DEPLOYMENT_TARGET = 12.1;
				MTL_ENABLE_DEBUG_INFO = NO;
				MTL_FAST_MATH = YES;
				SDKROOT = iphoneos;
				SWIFT_COMPILATION_MODE = wholemodule;
				SWIFT_OPTIMIZATION_LEVEL = "-O";
				VALIDATE_PRODUCT = YES;
			};
			name = Release;
		};
		307DE1A421EC90C0008595E6 /* Debug */ = {
			isa = XCBuildConfiguration;
			buildSettings = {
				ASSETCATALOG_COMPILER_APPICON_NAME = AppIcon;
				CODE_SIGN_STYLE = Automatic;
				FRAMEWORK_SEARCH_PATHS = (
					"$(inherited)",
					"$(PROJECT_DIR)/Carthage/Build/iOS",
				);
				INFOPLIST_FILE = RxGit/Info.plist;
				LD_RUNPATH_SEARCH_PATHS = (
					"$(inherited)",
					"@executable_path/Frameworks",
				);
				PRODUCT_BUNDLE_IDENTIFIER = RxGit.RxGit;
				PRODUCT_NAME = "$(TARGET_NAME)";
				SWIFT_VERSION = 4.2;
				TARGETED_DEVICE_FAMILY = "1,2";
			};
			name = Debug;
		};
		307DE1A521EC90C0008595E6 /* Release */ = {
			isa = XCBuildConfiguration;
			buildSettings = {
				ASSETCATALOG_COMPILER_APPICON_NAME = AppIcon;
				CODE_SIGN_STYLE = Automatic;
				FRAMEWORK_SEARCH_PATHS = (
					"$(inherited)",
					"$(PROJECT_DIR)/Carthage/Build/iOS",
				);
				INFOPLIST_FILE = RxGit/Info.plist;
				LD_RUNPATH_SEARCH_PATHS = (
					"$(inherited)",
					"@executable_path/Frameworks",
				);
				PRODUCT_BUNDLE_IDENTIFIER = RxGit.RxGit;
				PRODUCT_NAME = "$(TARGET_NAME)";
				SWIFT_VERSION = 4.2;
				TARGETED_DEVICE_FAMILY = "1,2";
			};
			name = Release;
		};
/* End XCBuildConfiguration section */

/* Begin XCConfigurationList section */
		307DE18C21EC90BF008595E6 /* Build configuration list for PBXProject "RxGit" */ = {
			isa = XCConfigurationList;
			buildConfigurations = (
				307DE1A121EC90C0008595E6 /* Debug */,
				307DE1A221EC90C0008595E6 /* Release */,
			);
			defaultConfigurationIsVisible = 0;
			defaultConfigurationName = Release;
		};
		307DE1A321EC90C0008595E6 /* Build configuration list for PBXNativeTarget "RxGit" */ = {
			isa = XCConfigurationList;
			buildConfigurations = (
				307DE1A421EC90C0008595E6 /* Debug */,
				307DE1A521EC90C0008595E6 /* Release */,
			);
			defaultConfigurationIsVisible = 0;
			defaultConfigurationName = Release;
		};
/* End XCConfigurationList section */
	};
	rootObject = 307DE18921EC90BF008595E6 /* Project object */;
}
